
Microsoft Visual Studio Solution File, Format Version 12.00
# Visual Studio Version 17
VisualStudioVersion = 17.14.36203.30
MinimumVisualStudioVersion = 10.0.40219.1
Project("{FAE04EC0-301F-11D3-BF4B-00C04F79EFBC}") = "AvTex.XA.Blazor.DxPdfViewer", "AvTex.XA.Blazor.DxPdfViewer.csproj", "{56680E84-BD02-4059-8B19-F8A11711AF2A}"
EndProject
Global
	GlobalSection(SolutionConfigurationPlatforms) = preSolution
		Debug|Any CPU = Debug|Any CPU
		Release|Any CPU = Release|Any CPU
	EndGlobalSection
	GlobalSection(ProjectConfigurationPlatforms) = postSolution
		{56680E84-BD02-4059-8B19-F8A11711AF2A}.Debug|Any CPU.ActiveCfg = Debug|Any CPU
		{56680E84-BD02-4059-8B19-F8A11711AF2A}.Debug|Any CPU.Build.0 = Debug|Any CPU
		{56680E84-BD02-4059-8B19-F8A11711AF2A}.Release|Any CPU.ActiveCfg = Release|Any CPU
		{56680E84-BD02-4059-8B19-F8A11711AF2A}.Release|Any CPU.Build.0 = Release|Any CPU
	EndGlobalSection
	GlobalSection(SolutionProperties) = preSolution
		HideSolutionNode = FALSE
	EndGlobalSection
	GlobalSection(ExtensibilityGlobals) = postSolution
		SolutionGuid = {5E4CDE11-1E98-40FA-93D4-66F236F65828}
	EndGlobalSection
EndGlobal
